
Microsoft Visual Studio Solution File, Format Version 12.00
# Visual Studio Version 17
VisualStudioVersion = 17.4.33213.308
MinimumVisualStudioVersion = 10.0.40219.1
Project("{FAE04EC0-301F-11D3-BF4B-00C04F79EFBC}") = "hsr-richpresence", "hsr-richpresence\hsr-richpresence.csproj", "{5AE82DF5-2381-4BB5-8FF6-ED14A07D2546}"
EndProject
Global
	GlobalSection(SolutionConfigurationPlatforms) = preSolution
		Debug|Any CPU = Debug|Any CPU
		Release|Any CPU = Release|Any CPU
	EndGlobalSection
	GlobalSection(ProjectConfigurationPlatforms) = postSolution
		{5AE82DF5-2381-4BB5-8FF6-ED14A07D2546}.Debug|Any CPU.ActiveCfg = Debug|Any CPU
		{5AE82DF5-2381-4BB5-8FF6-ED14A07D2546}.Debug|Any CPU.Build.0 = Debug|Any CPU
		{5AE82DF5-2381-4BB5-8FF6-ED14A07D2546}.Release|Any CPU.ActiveCfg = Release|Any CPU
		{5AE82DF5-2381-4BB5-8FF6-ED14A07D2546}.Release|Any CPU.Build.0 = Release|Any CPU
	EndGlobalSection
	GlobalSection(SolutionProperties) = preSolution
		HideSolutionNode = FALSE
	EndGlobalSection
	GlobalSection(ExtensibilityGlobals) = postSolution
		SolutionGuid = {7AA9869A-F835-47BC-A52F-96DC3E11C782}
	EndGlobalSection
EndGlobal
